
Microsoft Visual Studio Solution File, Format Version 12.00
# Visual Studio 15
VisualStudioVersion = 15.0.27428.2043
MinimumVisualStudioVersion = 10.0.40219.1
Project("{FAE04EC0-301F-11D3-BF4B-00C04F79EFBC}") = "EvolveAPP", "EvolveAPP\EvolveAPP.csproj", "{C0521FE1-CF42-4790-A89C-6C3FE2D01250}"
EndProject
Project("{FAE04EC0-301F-11D3-BF4B-00C04F79EFBC}") = "EvolvePPConsole", "EvolvePPConsole\EvolvePPConsole.csproj", "{4C076BE9-04FB-49FD-B5BF-8E51F1AF79BD}"
EndProject
Project("{FAE04EC0-301F-11D3-BF4B-00C04F79EFBC}") = "ModelLibrary", "ModelLibrary\ModelLibrary.csproj", "{2BE2B2CB-C12A-4F86-BC8E-8038C5C5D481}"
EndProject
Project("{FAE04EC0-301F-11D3-BF4B-00C04F79EFBC}") = "StorageLibrary", "StorageLibrary\StorageLibrary.csproj", "{D81FDBEA-8A93-4C0A-848F-793CB1982150}"
EndProject
Global
	GlobalSection(SolutionConfigurationPlatforms) = preSolution
		Debug|Any CPU = Debug|Any CPU
		Release|Any CPU = Release|Any CPU
	EndGlobalSection
	GlobalSection(ProjectConfigurationPlatforms) = postSolution
		{C0521FE1-CF42-4790-A89C-6C3FE2D01250}.Debug|Any CPU.ActiveCfg = Debug|Any CPU
		{C0521FE1-CF42-4790-A89C-6C3FE2D01250}.Debug|Any CPU.Build.0 = Debug|Any CPU
		{C0521FE1-CF42-4790-A89C-6C3FE2D01250}.Release|Any CPU.ActiveCfg = Release|Any CPU
		{C0521FE1-CF42-4790-A89C-6C3FE2D01250}.Release|Any CPU.Build.0 = Release|Any CPU
		{4C076BE9-04FB-49FD-B5BF-8E51F1AF79BD}.Debug|Any CPU.ActiveCfg = Debug|Any CPU
		{4C076BE9-04FB-49FD-B5BF-8E51F1AF79BD}.Debug|Any CPU.Build.0 = Debug|Any CPU
		{4C076BE9-04FB-49FD-B5BF-8E51F1AF79BD}.Release|Any CPU.ActiveCfg = Release|Any CPU
		{4C076BE9-04FB-49FD-B5BF-8E51F1AF79BD}.Release|Any CPU.Build.0 = Release|Any CPU
		{2BE2B2CB-C12A-4F86-BC8E-8038C5C5D481}.Debug|Any CPU.ActiveCfg = Debug|Any CPU
		{2BE2B2CB-C12A-4F86-BC8E-8038C5C5D481}.Debug|Any CPU.Build.0 = Debug|Any CPU
		{2BE2B2CB-C12A-4F86-BC8E-8038C5C5D481}.Release|Any CPU.ActiveCfg = Release|Any CPU
		{2BE2B2CB-C12A-4F86-BC8E-8038C5C5D481}.Release|Any CPU.Build.0 = Release|Any CPU
		{D81FDBEA-8A93-4C0A-848F-793CB1982150}.Debug|Any CPU.ActiveCfg = Debug|Any CPU
		{D81FDBEA-8A93-4C0A-848F-793CB1982150}.Debug|Any CPU.Build.0 = Debug|Any CPU
		{D81FDBEA-8A93-4C0A-848F-793CB1982150}.Release|Any CPU.ActiveCfg = Release|Any CPU
		{D81FDBEA-8A93-4C0A-848F-793CB1982150}.Release|Any CPU.Build.0 = Release|Any CPU
	EndGlobalSection
	GlobalSection(SolutionProperties) = preSolution
		HideSolutionNode = FALSE
	EndGlobalSection
	GlobalSection(ExtensibilityGlobals) = postSolution
		SolutionGuid = {02173F3F-C39F-4EBA-95D7-A813385514C3}
	EndGlobalSection
EndGlobal
